
Microsoft Visual Studio Solution File, Format Version 12.00
# Visual Studio Version 16
VisualStudioVersion = 16.0.31729.503
MinimumVisualStudioVersion = 10.0.40219.1
Project("{FAE04EC0-301F-11D3-BF4B-00C04F79EFBC}") = "RestaurantRater", "RestaurantRater\RestaurantRater.csproj", "{FB3AE80C-B287-425C-834F-CE6CD5AB6A02}"
EndProject
Global
	GlobalSection(SolutionConfigurationPlatforms) = preSolution
		Debug|Any CPU = Debug|Any CPU
		Release|Any CPU = Release|Any CPU
	EndGlobalSection
	GlobalSection(ProjectConfigurationPlatforms) = postSolution
		{FB3AE80C-B287-425C-834F-CE6CD5AB6A02}.Debug|Any CPU.ActiveCfg = Debug|Any CPU
		{FB3AE80C-B287-425C-834F-CE6CD5AB6A02}.Debug|Any CPU.Build.0 = Debug|Any CPU
		{FB3AE80C-B287-425C-834F-CE6CD5AB6A02}.Release|Any CPU.ActiveCfg = Release|Any CPU
		{FB3AE80C-B287-425C-834F-CE6CD5AB6A02}.Release|Any CPU.Build.0 = Release|Any CPU
	EndGlobalSection
	GlobalSection(SolutionProperties) = preSolution
		HideSolutionNode = FALSE
	EndGlobalSection
	GlobalSection(ExtensibilityGlobals) = postSolution
		SolutionGuid = {6105E34B-DF6E-4222-A964-D24C8A5750FE}
	EndGlobalSection
EndGlobal
